
Microsoft Visual Studio Solution File, Format Version 12.00
# Visual Studio Version 16
VisualStudioVersion = 16.0.28711.60
MinimumVisualStudioVersion = 10.0.40219.1
Project("{FAE04EC0-301F-11D3-BF4B-00C04F79EFBC}") = "swicthTest", "swicthTest\swicthTest.csproj", "{48236E29-208E-4311-8210-2F99C8CEC5CB}"
EndProject
Global
	GlobalSection(SolutionConfigurationPlatforms) = preSolution
		Debug|Any CPU = Debug|Any CPU
		Release|Any CPU = Release|Any CPU
	EndGlobalSection
	GlobalSection(ProjectConfigurationPlatforms) = postSolution
		{48236E29-208E-4311-8210-2F99C8CEC5CB}.Debug|Any CPU.ActiveCfg = Debug|Any CPU
		{48236E29-208E-4311-8210-2F99C8CEC5CB}.Debug|Any CPU.Build.0 = Debug|Any CPU
		{48236E29-208E-4311-8210-2F99C8CEC5CB}.Release|Any CPU.ActiveCfg = Release|Any CPU
		{48236E29-208E-4311-8210-2F99C8CEC5CB}.Release|Any CPU.Build.0 = Release|Any CPU
	EndGlobalSection
	GlobalSection(SolutionProperties) = preSolution
		HideSolutionNode = FALSE
	EndGlobalSection
	GlobalSection(ExtensibilityGlobals) = postSolution
		SolutionGuid = {D59FCD03-6769-48B4-9E9B-A17C394FCC02}
	EndGlobalSection
EndGlobal
